<Solution>
  <Project Path="PresentationLayer1/PresentationLayer1.csproj" />
  <Project Path="BusinessLogicLayer2/BusinessLogicLayer2.csproj" />
  <Project Path="DataAccessLayer3/DataAccessLayer3.csproj" />
  <Project Path="Worker/Worker.csproj" />
  <Project Path="MockServer/MockServer.csproj" />
</Solution>
